
Microsoft Visual Studio Solution File, Format Version 12.00
# Visual Studio Version 17
VisualStudioVersion = 17.13.35931.197
MinimumVisualStudioVersion = 10.0.40219.1
Project("{FAE04EC0-301F-11D3-BF4B-00C04F79EFBC}") = "TestWebApp", "TestWebApp\TestWebApp.csproj", "{8AD728A8-66FE-466A-A2BB-54D43AA266A3}"
EndProject
Project("{2150E333-8FDC-42A3-9474-1A3956D46DE8}") = "wwwroot", "wwwroot", "{C8D5274F-AC00-46C7-1F8D-E88E81087A52}"
EndProject
Project("{FAE04EC0-301F-11D3-BF4B-00C04F79EFBC}") = "ASPWebApp", "ASPWebApp\ASPWebApp.csproj", "{AAD5563B-F4F3-43FF-BC89-38CEBFE9B1A9}"
EndProject
Global
	GlobalSection(SolutionConfigurationPlatforms) = preSolution
		Debug|Any CPU = Debug|Any CPU
		Release|Any CPU = Release|Any CPU
	EndGlobalSection
	GlobalSection(ProjectConfigurationPlatforms) = postSolution
		{8AD728A8-66FE-466A-A2BB-54D43AA266A3}.Debug|Any CPU.ActiveCfg = Debug|Any CPU
		{8AD728A8-66FE-466A-A2BB-54D43AA266A3}.Debug|Any CPU.Build.0 = Debug|Any CPU
		{8AD728A8-66FE-466A-A2BB-54D43AA266A3}.Release|Any CPU.ActiveCfg = Release|Any CPU
		{8AD728A8-66FE-466A-A2BB-54D43AA266A3}.Release|Any CPU.Build.0 = Release|Any CPU
		{AAD5563B-F4F3-43FF-BC89-38CEBFE9B1A9}.Debug|Any CPU.ActiveCfg = Debug|Any CPU
		{AAD5563B-F4F3-43FF-BC89-38CEBFE9B1A9}.Debug|Any CPU.Build.0 = Debug|Any CPU
		{AAD5563B-F4F3-43FF-BC89-38CEBFE9B1A9}.Release|Any CPU.ActiveCfg = Release|Any CPU
		{AAD5563B-F4F3-43FF-BC89-38CEBFE9B1A9}.Release|Any CPU.Build.0 = Release|Any CPU
	EndGlobalSection
	GlobalSection(SolutionProperties) = preSolution
		HideSolutionNode = FALSE
	EndGlobalSection
	GlobalSection(ExtensibilityGlobals) = postSolution
		SolutionGuid = {82270CC9-BB1C-488E-B059-461F5E313CFC}
	EndGlobalSection
EndGlobal
